
Microsoft Visual Studio Solution File, Format Version 12.00
# Visual Studio Version 16
VisualStudioVersion = 16.0.30503.244
MinimumVisualStudioVersion = 10.0.40219.1
Project("{FAE04EC0-301F-11D3-BF4B-00C04F79EFBC}") = "StringBST", "StringBST\StringBST.csproj", "{AC474FD0-FE7F-48CB-9711-5313AEF3D215}"
EndProject
Global
	GlobalSection(SolutionConfigurationPlatforms) = preSolution
		Debug|Any CPU = Debug|Any CPU
		Release|Any CPU = Release|Any CPU
	EndGlobalSection
	GlobalSection(ProjectConfigurationPlatforms) = postSolution
		{AC474FD0-FE7F-48CB-9711-5313AEF3D215}.Debug|Any CPU.ActiveCfg = Debug|Any CPU
		{AC474FD0-FE7F-48CB-9711-5313AEF3D215}.Debug|Any CPU.Build.0 = Debug|Any CPU
		{AC474FD0-FE7F-48CB-9711-5313AEF3D215}.Release|Any CPU.ActiveCfg = Release|Any CPU
		{AC474FD0-FE7F-48CB-9711-5313AEF3D215}.Release|Any CPU.Build.0 = Release|Any CPU
	EndGlobalSection
	GlobalSection(SolutionProperties) = preSolution
		HideSolutionNode = FALSE
	EndGlobalSection
	GlobalSection(ExtensibilityGlobals) = postSolution
		SolutionGuid = {90F6AE4C-1FD4-41E1-B7E8-0B36EC6BFEA8}
	EndGlobalSection
EndGlobal
